{
  "version": 4,
  "terraform_version": "1.12.2",
  "serial": 16,
  "lineage": "eed94135-08af-deef-1b71-aab3487d3a43",
  "outputs": {
    "bootstrap_brokers_sasl_iam": {
      "value": "boot-9p6szwbx.c1.kafka-serverless.ap-south-1.amazonaws.com:9098",
      "type": "string"
    },
    "collector_instance_profile_name": {
      "value": "msk-crypto-iam_collector",
      "type": "string"
    },
    "collector_sg_id": {
      "value": "sg-00a6ee291178e4c49",
      "type": "string"
    },
    "consumer_policy_arn": {
      "value": "arn:aws:iam::640168415309:policy/msk-crypto-iam_consumer",
      "type": "string"
    },
    "consumer_sg_id": {
      "value": "sg-0a350aa7e5fbff500",
      "type": "string"
    },
    "msk_broker_security_group_id": {
      "value": "sg-09299e75fe6179e36",
      "type": "string"
    },
    "msk_cluster_arn": {
      "value": "arn:aws:kafka:ap-south-1:640168415309:cluster/msk-crypto-cluster/60d30263-f1ac-4348-93ea-3fa43daa3266-s1",
      "type": "string"
    },
    "msk_cluster_uuid": {
      "value": "60d30263-f1ac-4348-93ea-3fa43daa3266-s1",
      "type": "string"
    }
  },
  "resources": [
    {
      "mode": "data",
      "type": "aws_caller_identity",
      "name": "this",
      "provider": "provider[\"registry.terraform.io/hashicorp/aws\"]",
      "instances": [
        {
          "schema_version": 0,
          "attributes": {
            "account_id": "640168415309",
            "arn": "arn:aws:sts::640168415309:assumed-role/MSK-Builder/aws-go-sdk-1759744715206906428",
            "id": "640168415309",
            "user_id": "AROAZKDIC2BGSSHVZITRM:aws-go-sdk-1759744715206906428"
          },
          "sensitive_attributes": [],
          "identity_schema_version": 0
        }
      ]
    },
    {
      "mode": "data",
      "type": "aws_iam_policy_document",
      "name": "collector_assume",
      "provider": "provider[\"registry.terraform.io/hashicorp/aws\"]",
      "instances": [
        {
          "schema_version": 0,
          "attributes": {
            "id": "2851119427",
            "json": "{\n  \"Version\": \"2012-10-17\",\n  \"Statement\": [\n    {\n      \"Effect\": \"Allow\",\n      \"Action\": \"sts:AssumeRole\",\n      \"Principal\": {\n        \"Service\": \"ec2.amazonaws.com\"\n      }\n    }\n  ]\n}",
            "minified_json": "{\"Version\":\"2012-10-17\",\"Statement\":[{\"Effect\":\"Allow\",\"Action\":\"sts:AssumeRole\",\"Principal\":{\"Service\":\"ec2.amazonaws.com\"}}]}",
            "override_json": null,
            "override_policy_documents": null,
            "policy_id": null,
            "source_json": null,
            "source_policy_documents": null,
            "statement": [
              {
                "actions": [
                  "sts:AssumeRole"
                ],
                "condition": [],
                "effect": "Allow",
                "not_actions": [],
                "not_principals": [],
                "not_resources": [],
                "principals": [
                  {
                    "identifiers": [
                      "ec2.amazonaws.com"
                    ],
                    "type": "Service"
                  }
                ],
                "resources": [],
                "sid": ""
              }
            ],
            "version": "2012-10-17"
          },
          "sensitive_attributes": [],
          "identity_schema_version": 0
        }
      ]
    },
    {
      "mode": "data",
      "type": "aws_iam_policy_document",
      "name": "consumer",
      "provider": "provider[\"registry.terraform.io/hashicorp/aws\"]",
      "instances": [
        {
          "schema_version": 0,
          "attributes": {
            "id": "4266932664",
            "json": "{\n  \"Version\": \"2012-10-17\",\n  \"Statement\": [\n    {\n      \"Sid\": \"ConnectCluster\",\n      \"Effect\": \"Allow\",\n      \"Action\": \"kafka-cluster:Connect\",\n      \"Resource\": \"arn:aws:kafka:ap-south-1:640168415309:cluster/msk-crypto-cluster/60d30263-f1ac-4348-93ea-3fa43daa3266-s1\"\n    },\n    {\n      \"Sid\": \"ReadFromTopics\",\n      \"Effect\": \"Allow\",\n      \"Action\": [\n        \"kafka-cluster:ReadData\",\n        \"kafka-cluster:DescribeTopic\"\n      ],\n      \"Resource\": \"arn:aws:kafka:ap-south-1:640168415309:topic/msk-crypto-cluster/60d30263-f1ac-4348-93ea-3fa43daa3266-s1/exchg.*\"\n    },\n    {\n      \"Sid\": \"GroupMembership\",\n      \"Effect\": \"Allow\",\n      \"Action\": [\n        \"kafka-cluster:DescribeGroup\",\n        \"kafka-cluster:DeleteGroup\",\n        \"kafka-cluster:AlterGroup\"\n      ],\n      \"Resource\": [\n        \"arn:aws:kafka:ap-south-1:640168415309:group/msk-crypto-cluster/60d30263-f1ac-4348-93ea-3fa43daa3266-s1/team-research\",\n        \"arn:aws:kafka:ap-south-1:640168415309:group/msk-crypto-cluster/60d30263-f1ac-4348-93ea-3fa43daa3266-s1/team-quant\"\n      ]\n    }\n  ]\n}",
            "minified_json": "{\"Version\":\"2012-10-17\",\"Statement\":[{\"Sid\":\"ConnectCluster\",\"Effect\":\"Allow\",\"Action\":\"kafka-cluster:Connect\",\"Resource\":\"arn:aws:kafka:ap-south-1:640168415309:cluster/msk-crypto-cluster/60d30263-f1ac-4348-93ea-3fa43daa3266-s1\"},{\"Sid\":\"ReadFromTopics\",\"Effect\":\"Allow\",\"Action\":[\"kafka-cluster:ReadData\",\"kafka-cluster:DescribeTopic\"],\"Resource\":\"arn:aws:kafka:ap-south-1:640168415309:topic/msk-crypto-cluster/60d30263-f1ac-4348-93ea-3fa43daa3266-s1/exchg.*\"},{\"Sid\":\"GroupMembership\",\"Effect\":\"Allow\",\"Action\":[\"kafka-cluster:DescribeGroup\",\"kafka-cluster:DeleteGroup\",\"kafka-cluster:AlterGroup\"],\"Resource\":[\"arn:aws:kafka:ap-south-1:640168415309:group/msk-crypto-cluster/60d30263-f1ac-4348-93ea-3fa43daa3266-s1/team-research\",\"arn:aws:kafka:ap-south-1:640168415309:group/msk-crypto-cluster/60d30263-f1ac-4348-93ea-3fa43daa3266-s1/team-quant\"]}]}",
            "override_json": null,
            "override_policy_documents": null,
            "policy_id": null,
            "source_json": null,
            "source_policy_documents": null,
            "statement": [
              {
                "actions": [
                  "kafka-cluster:Connect"
                ],
                "condition": [],
                "effect": "Allow",
                "not_actions": [],
                "not_principals": [],
                "not_resources": [],
                "principals": [],
                "resources": [
                  "arn:aws:kafka:ap-south-1:640168415309:cluster/msk-crypto-cluster/60d30263-f1ac-4348-93ea-3fa43daa3266-s1"
                ],
                "sid": "ConnectCluster"
              },
              {
                "actions": [
                  "kafka-cluster:DescribeTopic",
                  "kafka-cluster:ReadData"
                ],
                "condition": [],
                "effect": "Allow",
                "not_actions": [],
                "not_principals": [],
                "not_resources": [],
                "principals": [],
                "resources": [
                  "arn:aws:kafka:ap-south-1:640168415309:topic/msk-crypto-cluster/60d30263-f1ac-4348-93ea-3fa43daa3266-s1/exchg.*"
                ],
                "sid": "ReadFromTopics"
              },
              {
                "actions": [
                  "kafka-cluster:AlterGroup",
                  "kafka-cluster:DeleteGroup",
                  "kafka-cluster:DescribeGroup"
                ],
                "condition": [],
                "effect": "Allow",
                "not_actions": [],
                "not_principals": [],
                "not_resources": [],
                "principals": [],
                "resources": [
                  "arn:aws:kafka:ap-south-1:640168415309:group/msk-crypto-cluster/60d30263-f1ac-4348-93ea-3fa43daa3266-s1/team-quant",
                  "arn:aws:kafka:ap-south-1:640168415309:group/msk-crypto-cluster/60d30263-f1ac-4348-93ea-3fa43daa3266-s1/team-research"
                ],
                "sid": "GroupMembership"
              }
            ],
            "version": "2012-10-17"
          },
          "sensitive_attributes": [],
          "identity_schema_version": 0
        }
      ]
    },
    {
      "mode": "data",
      "type": "aws_iam_policy_document",
      "name": "msk_control_plane",
      "provider": "provider[\"registry.terraform.io/hashicorp/aws\"]",
      "instances": [
        {
          "schema_version": 0,
          "attributes": {
            "id": "1473384661",
            "json": "{\n  \"Version\": \"2012-10-17\",\n  \"Statement\": [\n    {\n      \"Effect\": \"Allow\",\n      \"Action\": [\n        \"kafka:GetBootstrapBrokers\",\n        \"kafka:DescribeClusterV2\",\n        \"kafka:DescribeCluster\"\n      ],\n      \"Resource\": \"arn:aws:kafka:ap-south-1:640168415309:cluster/msk-crypto-cluster/60d30263-f1ac-4348-93ea-3fa43daa3266-s1\"\n    }\n  ]\n}",
            "minified_json": "{\"Version\":\"2012-10-17\",\"Statement\":[{\"Effect\":\"Allow\",\"Action\":[\"kafka:GetBootstrapBrokers\",\"kafka:DescribeClusterV2\",\"kafka:DescribeCluster\"],\"Resource\":\"arn:aws:kafka:ap-south-1:640168415309:cluster/msk-crypto-cluster/60d30263-f1ac-4348-93ea-3fa43daa3266-s1\"}]}",
            "override_json": null,
            "override_policy_documents": null,
            "policy_id": null,
            "source_json": null,
            "source_policy_documents": null,
            "statement": [
              {
                "actions": [
                  "kafka:DescribeCluster",
                  "kafka:DescribeClusterV2",
                  "kafka:GetBootstrapBrokers"
                ],
                "condition": [],
                "effect": "Allow",
                "not_actions": [],
                "not_principals": [],
                "not_resources": [],
                "principals": [],
                "resources": [
                  "arn:aws:kafka:ap-south-1:640168415309:cluster/msk-crypto-cluster/60d30263-f1ac-4348-93ea-3fa43daa3266-s1"
                ],
                "sid": ""
              }
            ],
            "version": "2012-10-17"
          },
          "sensitive_attributes": [],
          "identity_schema_version": 0
        }
      ]
    },
    {
      "mode": "data",
      "type": "aws_iam_policy_document",
      "name": "producer",
      "provider": "provider[\"registry.terraform.io/hashicorp/aws\"]",
      "instances": [
        {
          "schema_version": 0,
          "attributes": {
            "id": "2644791406",
            "json": "{\n  \"Version\": \"2012-10-17\",\n  \"Statement\": [\n    {\n      \"Sid\": \"ConnectCluster\",\n      \"Effect\": \"Allow\",\n      \"Action\": [\n        \"kafka-cluster:WriteDataIdempotently\",\n        \"kafka-cluster:Connect\"\n      ],\n      \"Resource\": \"arn:aws:kafka:ap-south-1:640168415309:cluster/msk-crypto-cluster/60d30263-f1ac-4348-93ea-3fa43daa3266-s1\"\n    },\n    {\n      \"Sid\": \"WriteToTopics\",\n      \"Effect\": \"Allow\",\n      \"Action\": [\n        \"kafka-cluster:WriteData\",\n        \"kafka-cluster:DescribeTopic\",\n        \"kafka-cluster:CreateTopic\"\n      ],\n      \"Resource\": [\n        \"arn:aws:kafka:ap-south-1:640168415309:topic/msk-crypto-cluster/60d30263-f1ac-4348-93ea-3fa43daa3266-s1/trades.*\",\n        \"arn:aws:kafka:ap-south-1:640168415309:topic/msk-crypto-cluster/60d30263-f1ac-4348-93ea-3fa43daa3266-s1/exchg.*\"\n      ]\n    }\n  ]\n}",
            "minified_json": "{\"Version\":\"2012-10-17\",\"Statement\":[{\"Sid\":\"ConnectCluster\",\"Effect\":\"Allow\",\"Action\":[\"kafka-cluster:WriteDataIdempotently\",\"kafka-cluster:Connect\"],\"Resource\":\"arn:aws:kafka:ap-south-1:640168415309:cluster/msk-crypto-cluster/60d30263-f1ac-4348-93ea-3fa43daa3266-s1\"},{\"Sid\":\"WriteToTopics\",\"Effect\":\"Allow\",\"Action\":[\"kafka-cluster:WriteData\",\"kafka-cluster:DescribeTopic\",\"kafka-cluster:CreateTopic\"],\"Resource\":[\"arn:aws:kafka:ap-south-1:640168415309:topic/msk-crypto-cluster/60d30263-f1ac-4348-93ea-3fa43daa3266-s1/trades.*\",\"arn:aws:kafka:ap-south-1:640168415309:topic/msk-crypto-cluster/60d30263-f1ac-4348-93ea-3fa43daa3266-s1/exchg.*\"]}]}",
            "override_json": null,
            "override_policy_documents": null,
            "policy_id": null,
            "source_json": null,
            "source_policy_documents": null,
            "statement": [
              {
                "actions": [
                  "kafka-cluster:Connect",
                  "kafka-cluster:WriteDataIdempotently"
                ],
                "condition": [],
                "effect": "Allow",
                "not_actions": [],
                "not_principals": [],
                "not_resources": [],
                "principals": [],
                "resources": [
                  "arn:aws:kafka:ap-south-1:640168415309:cluster/msk-crypto-cluster/60d30263-f1ac-4348-93ea-3fa43daa3266-s1"
                ],
                "sid": "ConnectCluster"
              },
              {
                "actions": [
                  "kafka-cluster:CreateTopic",
                  "kafka-cluster:DescribeTopic",
                  "kafka-cluster:WriteData"
                ],
                "condition": [],
                "effect": "Allow",
                "not_actions": [],
                "not_principals": [],
                "not_resources": [],
                "principals": [],
                "resources": [
                  "arn:aws:kafka:ap-south-1:640168415309:topic/msk-crypto-cluster/60d30263-f1ac-4348-93ea-3fa43daa3266-s1/exchg.*",
                  "arn:aws:kafka:ap-south-1:640168415309:topic/msk-crypto-cluster/60d30263-f1ac-4348-93ea-3fa43daa3266-s1/trades.*"
                ],
                "sid": "WriteToTopics"
              }
            ],
            "version": "2012-10-17"
          },
          "sensitive_attributes": [],
          "identity_schema_version": 0
        }
      ]
    },
    {
      "mode": "managed",
      "type": "aws_cloudwatch_log_group",
      "name": "msk_broker",
      "provider": "provider[\"registry.terraform.io/hashicorp/aws\"]",
      "instances": [
        {
          "schema_version": 0,
          "attributes": {
            "arn": "arn:aws:logs:ap-south-1:640168415309:log-group:msk-crypto-cw-lg_broker",
            "id": "msk-crypto-cw-lg_broker",
            "kms_key_id": "",
            "log_group_class": "STANDARD",
            "name": "msk-crypto-cw-lg_broker",
            "name_prefix": "",
            "region": "ap-south-1",
            "retention_in_days": 14,
            "skip_destroy": false,
            "tags": {
              "AccessScope": "Hadi",
              "Env": "prod",
              "Owner": "Hadi",
              "Project": "CryptoData"
            },
            "tags_all": {
              "AccessScope": "Hadi",
              "Env": "prod",
              "Owner": "Hadi",
              "Project": "CryptoData"
            }
          },
          "sensitive_attributes": [],
          "identity_schema_version": 0,
          "identity": {
            "account_id": "640168415309",
            "name": "msk-crypto-cw-lg_broker",
            "region": "ap-south-1"
          },
          "private": "bnVsbA=="
        }
      ]
    },
    {
      "mode": "managed",
      "type": "aws_iam_policy",
      "name": "consumer",
      "provider": "provider[\"registry.terraform.io/hashicorp/aws\"].untagged",
      "instances": [
        {
          "schema_version": 0,
          "attributes": {
            "arn": "arn:aws:iam::640168415309:policy/msk-crypto-iam_consumer",
            "attachment_count": 0,
            "description": "",
            "id": "arn:aws:iam::640168415309:policy/msk-crypto-iam_consumer",
            "name": "msk-crypto-iam_consumer",
            "name_prefix": "",
            "path": "/",
            "policy": "{\"Statement\":[{\"Action\":\"kafka-cluster:Connect\",\"Effect\":\"Allow\",\"Resource\":\"arn:aws:kafka:ap-south-1:640168415309:cluster/msk-crypto-cluster/60d30263-f1ac-4348-93ea-3fa43daa3266-s1\",\"Sid\":\"ConnectCluster\"},{\"Action\":[\"kafka-cluster:ReadData\",\"kafka-cluster:DescribeTopic\"],\"Effect\":\"Allow\",\"Resource\":\"arn:aws:kafka:ap-south-1:640168415309:topic/msk-crypto-cluster/60d30263-f1ac-4348-93ea-3fa43daa3266-s1/exchg.*\",\"Sid\":\"ReadFromTopics\"},{\"Action\":[\"kafka-cluster:DescribeGroup\",\"kafka-cluster:DeleteGroup\",\"kafka-cluster:AlterGroup\"],\"Effect\":\"Allow\",\"Resource\":[\"arn:aws:kafka:ap-south-1:640168415309:group/msk-crypto-cluster/60d30263-f1ac-4348-93ea-3fa43daa3266-s1/team-research\",\"arn:aws:kafka:ap-south-1:640168415309:group/msk-crypto-cluster/60d30263-f1ac-4348-93ea-3fa43daa3266-s1/team-quant\"],\"Sid\":\"GroupMembership\"}],\"Version\":\"2012-10-17\"}",
            "policy_id": "ANPAZKDIC2BG5KIVBKMEY",
            "tags": null,
            "tags_all": {}
          },
          "sensitive_attributes": [],
          "identity_schema_version": 0,
          "identity": {
            "arn": "arn:aws:iam::640168415309:policy/msk-crypto-iam_consumer"
          },
          "private": "bnVsbA==",
          "dependencies": [
            "aws_msk_serverless_cluster.this",
            "aws_security_group.msk_brokers",
            "data.aws_caller_identity.this",
            "data.aws_iam_policy_document.consumer"
          ]
        }
      ]
    },
    {
      "mode": "managed",
      "type": "aws_iam_policy",
      "name": "msk_control_plane",
      "provider": "provider[\"registry.terraform.io/hashicorp/aws\"].untagged",
      "instances": [
        {
          "schema_version": 0,
          "attributes": {
            "arn": "arn:aws:iam::640168415309:policy/msk-crypto-iam_control",
            "attachment_count": 0,
            "description": "",
            "id": "arn:aws:iam::640168415309:policy/msk-crypto-iam_control",
            "name": "msk-crypto-iam_control",
            "name_prefix": "",
            "path": "/",
            "policy": "{\"Statement\":[{\"Action\":[\"kafka:GetBootstrapBrokers\",\"kafka:DescribeClusterV2\",\"kafka:DescribeCluster\"],\"Effect\":\"Allow\",\"Resource\":\"arn:aws:kafka:ap-south-1:640168415309:cluster/msk-crypto-cluster/60d30263-f1ac-4348-93ea-3fa43daa3266-s1\"}],\"Version\":\"2012-10-17\"}",
            "policy_id": "ANPAZKDIC2BG77FB75WGN",
            "tags": null,
            "tags_all": {}
          },
          "sensitive_attributes": [],
          "identity_schema_version": 0,
          "identity": {
            "arn": "arn:aws:iam::640168415309:policy/msk-crypto-iam_control"
          },
          "private": "bnVsbA==",
          "dependencies": [
            "aws_msk_serverless_cluster.this",
            "aws_security_group.msk_brokers",
            "data.aws_iam_policy_document.msk_control_plane"
          ]
        }
      ]
    },
    {
      "mode": "managed",
      "type": "aws_iam_policy",
      "name": "producer",
      "provider": "provider[\"registry.terraform.io/hashicorp/aws\"].untagged",
      "instances": [
        {
          "schema_version": 0,
          "attributes": {
            "arn": "arn:aws:iam::640168415309:policy/msk-crypto-iam_producer",
            "attachment_count": 0,
            "description": "",
            "id": "arn:aws:iam::640168415309:policy/msk-crypto-iam_producer",
            "name": "msk-crypto-iam_producer",
            "name_prefix": "",
            "path": "/",
            "policy": "{\"Statement\":[{\"Action\":[\"kafka-cluster:WriteDataIdempotently\",\"kafka-cluster:Connect\"],\"Effect\":\"Allow\",\"Resource\":\"arn:aws:kafka:ap-south-1:640168415309:cluster/msk-crypto-cluster/60d30263-f1ac-4348-93ea-3fa43daa3266-s1\",\"Sid\":\"ConnectCluster\"},{\"Action\":[\"kafka-cluster:WriteData\",\"kafka-cluster:DescribeTopic\",\"kafka-cluster:CreateTopic\"],\"Effect\":\"Allow\",\"Resource\":[\"arn:aws:kafka:ap-south-1:640168415309:topic/msk-crypto-cluster/60d30263-f1ac-4348-93ea-3fa43daa3266-s1/trades.*\",\"arn:aws:kafka:ap-south-1:640168415309:topic/msk-crypto-cluster/60d30263-f1ac-4348-93ea-3fa43daa3266-s1/exchg.*\"],\"Sid\":\"WriteToTopics\"}],\"Version\":\"2012-10-17\"}",
            "policy_id": "ANPAZKDIC2BGR4SHXIHE2",
            "tags": null,
            "tags_all": {}
          },
          "sensitive_attributes": [],
          "identity_schema_version": 0,
          "identity": {
            "arn": "arn:aws:iam::640168415309:policy/msk-crypto-iam_producer"
          },
          "private": "bnVsbA==",
          "dependencies": [
            "aws_msk_serverless_cluster.this",
            "aws_security_group.msk_brokers",
            "data.aws_caller_identity.this",
            "data.aws_iam_policy_document.producer"
          ]
        }
      ]
    },
    {
      "mode": "managed",
      "type": "aws_iam_role",
      "name": "collector_role",
      "provider": "provider[\"registry.terraform.io/hashicorp/aws\"].untagged",
      "instances": [
        {
          "status": "tainted",
          "schema_version": 0,
          "attributes": {
            "arn": "arn:aws:iam::640168415309:role/msk-crypto-iam_collector",
            "assume_role_policy": "{\"Statement\":[{\"Action\":\"sts:AssumeRole\",\"Effect\":\"Allow\",\"Principal\":{\"Service\":\"ec2.amazonaws.com\"}}],\"Version\":\"2012-10-17\"}",
            "create_date": "2025-10-06T09:58:58Z",
            "description": "",
            "force_detach_policies": false,
            "id": "msk-crypto-iam_collector",
            "inline_policy": [],
            "managed_policy_arns": [],
            "max_session_duration": 3600,
            "name": "msk-crypto-iam_collector",
            "name_prefix": "",
            "path": "/",
            "permissions_boundary": "arn:aws:iam::640168415309:policy/MSK-Permission-Boundary",
            "tags": null,
            "tags_all": null,
            "unique_id": "AROAZKDIC2BGSIOOTKRFJ"
          },
          "sensitive_attributes": [],
          "identity_schema_version": 0,
          "private": "bnVsbA==",
          "dependencies": [
            "data.aws_iam_policy_document.collector_assume"
          ]
        }
      ]
    },
    {
      "mode": "managed",
      "type": "aws_msk_serverless_cluster",
      "name": "this",
      "provider": "provider[\"registry.terraform.io/hashicorp/aws\"]",
      "instances": [
        {
          "schema_version": 0,
          "attributes": {
            "arn": "arn:aws:kafka:ap-south-1:640168415309:cluster/msk-crypto-cluster/60d30263-f1ac-4348-93ea-3fa43daa3266-s1",
            "bootstrap_brokers_sasl_iam": "boot-9p6szwbx.c1.kafka-serverless.ap-south-1.amazonaws.com:9098",
            "client_authentication": [
              {
                "sasl": [
                  {
                    "iam": [
                      {
                        "enabled": true
                      }
                    ]
                  }
                ]
              }
            ],
            "cluster_name": "msk-crypto-cluster",
            "cluster_uuid": "60d30263-f1ac-4348-93ea-3fa43daa3266-s1",
            "id": "arn:aws:kafka:ap-south-1:640168415309:cluster/msk-crypto-cluster/60d30263-f1ac-4348-93ea-3fa43daa3266-s1",
            "region": "ap-south-1",
            "tags": {
              "AccessScope": "Hadi",
              "Env": "prod",
              "Owner": "Hadi",
              "Project": "CryptoData"
            },
            "tags_all": {
              "AccessScope": "Hadi",
              "Env": "prod",
              "Owner": "Hadi",
              "Project": "CryptoData"
            },
            "timeouts": null,
            "vpc_config": [
              {
                "security_group_ids": [
                  "sg-09299e75fe6179e36"
                ],
                "subnet_ids": [
                  "subnet-03b137bc850c7f432",
                  "subnet-04dcb46c1f97a2e4e",
                  "subnet-0dec674b59949ad59"
                ]
              }
            ]
          },
          "sensitive_attributes": [],
          "identity_schema_version": 0,
          "private": "eyJlMmJmYjczMC1lY2FhLTExZTYtOGY4OC0zNDM2M2JjN2M0YzAiOnsiY3JlYXRlIjo3MjAwMDAwMDAwMDAwLCJkZWxldGUiOjcyMDAwMDAwMDAwMDB9fQ==",
          "dependencies": [
            "aws_security_group.msk_brokers"
          ]
        }
      ]
    },
    {
      "mode": "managed",
      "type": "aws_security_group",
      "name": "collector",
      "provider": "provider[\"registry.terraform.io/hashicorp/aws\"]",
      "instances": [
        {
          "schema_version": 1,
          "attributes": {
            "arn": "arn:aws:ec2:ap-south-1:640168415309:security-group/sg-00a6ee291178e4c49",
            "description": "EC2 collectors for MSK",
            "egress": [
              {
                "cidr_blocks": [
                  "0.0.0.0/0"
                ],
                "description": "",
                "from_port": 0,
                "ipv6_cidr_blocks": [],
                "prefix_list_ids": [],
                "protocol": "-1",
                "security_groups": [],
                "self": false,
                "to_port": 0
              }
            ],
            "id": "sg-00a6ee291178e4c49",
            "ingress": [],
            "name": "msk-sg_collectors",
            "name_prefix": "",
            "owner_id": "640168415309",
            "region": "ap-south-1",
            "revoke_rules_on_delete": false,
            "tags": {
              "AccessScope": "Hadi",
              "Env": "prod",
              "Owner": "Hadi",
              "Project": "CryptoData"
            },
            "tags_all": {
              "AccessScope": "Hadi",
              "Env": "prod",
              "Owner": "Hadi",
              "Project": "CryptoData"
            },
            "timeouts": null,
            "vpc_id": "vpc-088763652e22bcc79"
          },
          "sensitive_attributes": [],
          "identity_schema_version": 0,
          "identity": {
            "account_id": "640168415309",
            "id": "sg-00a6ee291178e4c49",
            "region": "ap-south-1"
          },
          "private": "eyJlMmJmYjczMC1lY2FhLTExZTYtOGY4OC0zNDM2M2JjN2M0YzAiOnsiY3JlYXRlIjo2MDAwMDAwMDAwMDAsImRlbGV0ZSI6OTAwMDAwMDAwMDAwfSwic2NoZW1hX3ZlcnNpb24iOiIxIn0="
        }
      ]
    },
    {
      "mode": "managed",
      "type": "aws_security_group",
      "name": "consumers",
      "provider": "provider[\"registry.terraform.io/hashicorp/aws\"]",
      "instances": [
        {
          "schema_version": 1,
          "attributes": {
            "arn": "arn:aws:ec2:ap-south-1:640168415309:security-group/sg-0a350aa7e5fbff500",
            "description": "EC2 consumers for MSK",
            "egress": [],
            "id": "sg-0a350aa7e5fbff500",
            "ingress": [],
            "name": "msk-sg_consumers",
            "name_prefix": "",
            "owner_id": "640168415309",
            "region": "ap-south-1",
            "revoke_rules_on_delete": false,
            "tags": {
              "AccessScope": "Hadi",
              "Env": "prod",
              "Owner": "Hadi",
              "Project": "CryptoData"
            },
            "tags_all": {
              "AccessScope": "Hadi",
              "Env": "prod",
              "Owner": "Hadi",
              "Project": "CryptoData"
            },
            "timeouts": null,
            "vpc_id": "vpc-088763652e22bcc79"
          },
          "sensitive_attributes": [],
          "identity_schema_version": 0,
          "identity": {
            "account_id": "640168415309",
            "id": "sg-0a350aa7e5fbff500",
            "region": "ap-south-1"
          },
          "private": "eyJlMmJmYjczMC1lY2FhLTExZTYtOGY4OC0zNDM2M2JjN2M0YzAiOnsiY3JlYXRlIjo2MDAwMDAwMDAwMDAsImRlbGV0ZSI6OTAwMDAwMDAwMDAwfSwic2NoZW1hX3ZlcnNpb24iOiIxIn0="
        }
      ]
    },
    {
      "mode": "managed",
      "type": "aws_security_group",
      "name": "msk_brokers",
      "provider": "provider[\"registry.terraform.io/hashicorp/aws\"]",
      "instances": [
        {
          "schema_version": 1,
          "attributes": {
            "arn": "arn:aws:ec2:ap-south-1:640168415309:security-group/sg-09299e75fe6179e36",
            "description": "MSK Serverless broker SG",
            "egress": [],
            "id": "sg-09299e75fe6179e36",
            "ingress": [],
            "name": "msk-crypto-sg_brokers",
            "name_prefix": "",
            "owner_id": "640168415309",
            "region": "ap-south-1",
            "revoke_rules_on_delete": false,
            "tags": {
              "AccessScope": "Hadi",
              "Env": "prod",
              "Owner": "Hadi",
              "Project": "CryptoData"
            },
            "tags_all": {
              "AccessScope": "Hadi",
              "Env": "prod",
              "Owner": "Hadi",
              "Project": "CryptoData"
            },
            "timeouts": null,
            "vpc_id": "vpc-088763652e22bcc79"
          },
          "sensitive_attributes": [],
          "identity_schema_version": 0,
          "identity": {
            "account_id": "640168415309",
            "id": "sg-09299e75fe6179e36",
            "region": "ap-south-1"
          },
          "private": "eyJlMmJmYjczMC1lY2FhLTExZTYtOGY4OC0zNDM2M2JjN2M0YzAiOnsiY3JlYXRlIjo2MDAwMDAwMDAwMDAsImRlbGV0ZSI6OTAwMDAwMDAwMDAwfSwic2NoZW1hX3ZlcnNpb24iOiIxIn0="
        }
      ]
    },
    {
      "mode": "managed",
      "type": "aws_vpc_security_group_egress_rule",
      "name": "msk_all_egress",
      "provider": "provider[\"registry.terraform.io/hashicorp/aws\"]",
      "instances": [
        {
          "schema_version": 0,
          "attributes": {
            "arn": "arn:aws:ec2:ap-south-1:640168415309:security-group-rule/sgr-075060b49c5af5822",
            "cidr_ipv4": "0.0.0.0/0",
            "cidr_ipv6": null,
            "description": "Broker outbound",
            "from_port": null,
            "id": "sgr-075060b49c5af5822",
            "ip_protocol": "-1",
            "prefix_list_id": null,
            "referenced_security_group_id": null,
            "region": "ap-south-1",
            "security_group_id": "sg-09299e75fe6179e36",
            "security_group_rule_id": "sgr-075060b49c5af5822",
            "tags": null,
            "tags_all": {
              "Env": "prod",
              "Owner": "Hadi",
              "Project": "CryptoData"
            },
            "to_port": null
          },
          "sensitive_attributes": [],
          "identity_schema_version": 0,
          "identity": {
            "account_id": "640168415309",
            "id": "sgr-075060b49c5af5822",
            "region": "ap-south-1"
          },
          "dependencies": [
            "aws_security_group.msk_brokers"
          ]
        }
      ]
    },
    {
      "mode": "managed",
      "type": "aws_vpc_security_group_ingress_rule",
      "name": "msk_iam_9098_from_collector",
      "provider": "provider[\"registry.terraform.io/hashicorp/aws\"]",
      "instances": [
        {
          "schema_version": 0,
          "attributes": {
            "arn": "arn:aws:ec2:ap-south-1:640168415309:security-group-rule/sgr-0311580610ce78b8a",
            "cidr_ipv4": null,
            "cidr_ipv6": null,
            "description": "Collector-to-broker SASL/IAM TLS within VPC",
            "from_port": 9098,
            "id": "sgr-0311580610ce78b8a",
            "ip_protocol": "tcp",
            "prefix_list_id": null,
            "referenced_security_group_id": "sg-00a6ee291178e4c49",
            "region": "ap-south-1",
            "security_group_id": "sg-09299e75fe6179e36",
            "security_group_rule_id": "sgr-0311580610ce78b8a",
            "tags": null,
            "tags_all": {
              "Env": "prod",
              "Owner": "Hadi",
              "Project": "CryptoData"
            },
            "to_port": 9098
          },
          "sensitive_attributes": [],
          "identity_schema_version": 0,
          "identity": {
            "account_id": "640168415309",
            "id": "sgr-0311580610ce78b8a",
            "region": "ap-south-1"
          },
          "dependencies": [
            "aws_security_group.collector",
            "aws_security_group.msk_brokers"
          ]
        }
      ]
    },
    {
      "mode": "managed",
      "type": "aws_vpc_security_group_ingress_rule",
      "name": "msk_iam_9098_from_consumers",
      "provider": "provider[\"registry.terraform.io/hashicorp/aws\"]",
      "instances": [
        {
          "schema_version": 0,
          "attributes": {
            "arn": "arn:aws:ec2:ap-south-1:640168415309:security-group-rule/sgr-0f0ffb930b3e6021d",
            "cidr_ipv4": null,
            "cidr_ipv6": null,
            "description": "Consumer-to-broker SASL/IAM TLS within VPC",
            "from_port": 9098,
            "id": "sgr-0f0ffb930b3e6021d",
            "ip_protocol": "tcp",
            "prefix_list_id": null,
            "referenced_security_group_id": "sg-0a350aa7e5fbff500",
            "region": "ap-south-1",
            "security_group_id": "sg-09299e75fe6179e36",
            "security_group_rule_id": "sgr-0f0ffb930b3e6021d",
            "tags": null,
            "tags_all": {
              "Env": "prod",
              "Owner": "Hadi",
              "Project": "CryptoData"
            },
            "to_port": 9098
          },
          "sensitive_attributes": [],
          "identity_schema_version": 0,
          "identity": {
            "account_id": "640168415309",
            "id": "sgr-0f0ffb930b3e6021d",
            "region": "ap-south-1"
          },
          "dependencies": [
            "aws_security_group.consumers",
            "aws_security_group.msk_brokers"
          ]
        }
      ]
    }
  ],
  "check_results": [
    {
      "object_kind": "var",
      "config_addr": "var.collector_sg_name",
      "status": "pass",
      "objects": [
        {
          "object_addr": "var.collector_sg_name",
          "status": "pass"
        }
      ]
    },
    {
      "object_kind": "var",
      "config_addr": "var.consumer_sg_name",
      "status": "pass",
      "objects": [
        {
          "object_addr": "var.consumer_sg_name",
          "status": "pass"
        }
      ]
    },
    {
      "object_kind": "var",
      "config_addr": "var.cluster_name",
      "status": "pass",
      "objects": [
        {
          "object_addr": "var.cluster_name",
          "status": "pass"
        }
      ]
    }
  ]
}
