{
  "version": 4,
  "terraform_version": "1.12.2",
  "serial": 15,
  "lineage": "c5df98be-260c-d3ee-c2f2-8b96fb56b463",
  "outputs": {
    "bootstrap_brokers_sasl_iam": {
      "value": null,
      "type": "string"
    },
    "collector_instance_profile_name": {
      "value": "crypto-stream-collector",
      "type": "string"
    },
    "collector_sg_id": {
      "value": "sg-0c3b93c86207a98bc",
      "type": "string"
    },
    "consumer_policy_arn": {
      "value": "arn:aws:iam::640168415309:policy/crypto-stream-consumer",
      "type": "string"
    },
    "consumer_sg_id": {
      "value": "sg-07de1fabdd09ca766",
      "type": "string"
    },
    "infrastructure_summary_json": {
      "value": null,
      "type": "string"
    },
    "msk_broker_security_group_id": {
      "value": "sg-0a0cb699987e75b3e",
      "type": "string"
    },
    "msk_cluster_arn": {
      "value": null,
      "type": "string"
    },
    "msk_cluster_uuid": {
      "value": null,
      "type": "string"
    }
  },
  "resources": [
    {
      "mode": "data",
      "type": "aws_caller_identity",
      "name": "this",
      "provider": "provider[\"registry.terraform.io/hashicorp/aws\"]",
      "instances": [
        {
          "schema_version": 0,
          "attributes": {
            "account_id": "640168415309",
            "arn": "arn:aws:sts::640168415309:assumed-role/MSK-Builder/aws-go-sdk-1759656514819558362",
            "id": "640168415309",
            "user_id": "AROAZKDIC2BGSSHVZITRM:aws-go-sdk-1759656514819558362"
          },
          "sensitive_attributes": [],
          "identity_schema_version": 0
        }
      ]
    },
    {
      "mode": "data",
      "type": "aws_iam_policy_document",
      "name": "collector_assume",
      "provider": "provider[\"registry.terraform.io/hashicorp/aws\"]",
      "instances": [
        {
          "schema_version": 0,
          "attributes": {
            "id": "2851119427",
            "json": "{\n  \"Version\": \"2012-10-17\",\n  \"Statement\": [\n    {\n      \"Effect\": \"Allow\",\n      \"Action\": \"sts:AssumeRole\",\n      \"Principal\": {\n        \"Service\": \"ec2.amazonaws.com\"\n      }\n    }\n  ]\n}",
            "minified_json": "{\"Version\":\"2012-10-17\",\"Statement\":[{\"Effect\":\"Allow\",\"Action\":\"sts:AssumeRole\",\"Principal\":{\"Service\":\"ec2.amazonaws.com\"}}]}",
            "override_json": null,
            "override_policy_documents": null,
            "policy_id": null,
            "source_json": null,
            "source_policy_documents": null,
            "statement": [
              {
                "actions": [
                  "sts:AssumeRole"
                ],
                "condition": [],
                "effect": "Allow",
                "not_actions": [],
                "not_principals": [],
                "not_resources": [],
                "principals": [
                  {
                    "identifiers": [
                      "ec2.amazonaws.com"
                    ],
                    "type": "Service"
                  }
                ],
                "resources": [],
                "sid": ""
              }
            ],
            "version": "2012-10-17"
          },
          "sensitive_attributes": [],
          "identity_schema_version": 0
        }
      ]
    },
    {
      "mode": "managed",
      "type": "aws_cloudwatch_log_group",
      "name": "msk_broker",
      "provider": "provider[\"registry.terraform.io/hashicorp/aws\"]",
      "instances": [
        {
          "schema_version": 0,
          "attributes": {
            "arn": "arn:aws:logs:ap-south-1:640168415309:log-group:/aws/msk/crypto-stream/broker",
            "id": "/aws/msk/crypto-stream/broker",
            "kms_key_id": "",
            "log_group_class": "STANDARD",
            "name": "/aws/msk/crypto-stream/broker",
            "name_prefix": "",
            "region": "ap-south-1",
            "retention_in_days": 14,
            "skip_destroy": false,
            "tags": {
              "AccessScope": "Hadi"
            },
            "tags_all": {
              "AccessScope": "Hadi",
              "Env": "prod",
              "Owner": "Hadi",
              "Project": "CryptoData"
            }
          },
          "sensitive_attributes": [],
          "identity_schema_version": 0,
          "identity": {
            "account_id": "640168415309",
            "name": "/aws/msk/crypto-stream/broker",
            "region": "ap-south-1"
          },
          "private": "eyJzY2hlbWFfdmVyc2lvbiI6IjAifQ=="
        }
      ]
    },
    {
      "mode": "managed",
      "type": "aws_iam_instance_profile",
      "name": "collector_profile",
      "provider": "provider[\"registry.terraform.io/hashicorp/aws\"]",
      "instances": [
        {
          "schema_version": 0,
          "attributes": {
            "arn": "arn:aws:iam::640168415309:instance-profile/crypto-stream-collector",
            "create_date": "2025-10-05T07:58:34Z",
            "id": "crypto-stream-collector",
            "name": "crypto-stream-collector",
            "name_prefix": "",
            "path": "/",
            "role": "crypto-stream-collector",
            "tags": {
              "AccessScope": "Hadi"
            },
            "tags_all": {
              "AccessScope": "Hadi",
              "Env": "prod",
              "Owner": "Hadi",
              "Project": "CryptoData"
            },
            "unique_id": "AIPAZKDIC2BGZTNRWQJGA"
          },
          "sensitive_attributes": [],
          "identity_schema_version": 0,
          "private": "eyJzY2hlbWFfdmVyc2lvbiI6IjAifQ=="
        }
      ]
    },
    {
      "mode": "managed",
      "type": "aws_iam_policy",
      "name": "consumer",
      "provider": "provider[\"registry.terraform.io/hashicorp/aws\"]",
      "instances": [
        {
          "schema_version": 0,
          "attributes": {
            "arn": "arn:aws:iam::640168415309:policy/crypto-stream-consumer",
            "attachment_count": 0,
            "description": "",
            "id": "arn:aws:iam::640168415309:policy/crypto-stream-consumer",
            "name": "crypto-stream-consumer",
            "name_prefix": "",
            "path": "/",
            "policy": "{\"Statement\":[{\"Action\":\"kafka-cluster:Connect\",\"Effect\":\"Allow\",\"Resource\":\"arn:aws:kafka:ap-south-1:640168415309:cluster/crypto-stream/b1cdcefc-a754-4540-b36e-704619565254-s3\",\"Sid\":\"ConnectCluster\"},{\"Action\":[\"kafka-cluster:ReadData\",\"kafka-cluster:DescribeTopic\"],\"Effect\":\"Allow\",\"Resource\":\"arn:aws:kafka:ap-south-1:640168415309:topic/crypto-stream/b1cdcefc-a754-4540-b36e-704619565254-s3/exchg.*\",\"Sid\":\"ReadFromTopics\"},{\"Action\":[\"kafka-cluster:DescribeGroup\",\"kafka-cluster:DeleteGroup\",\"kafka-cluster:AlterGroup\"],\"Effect\":\"Allow\",\"Resource\":[\"arn:aws:kafka:ap-south-1:640168415309:group/crypto-stream/b1cdcefc-a754-4540-b36e-704619565254-s3/team-research\",\"arn:aws:kafka:ap-south-1:640168415309:group/crypto-stream/b1cdcefc-a754-4540-b36e-704619565254-s3/team-quant\"],\"Sid\":\"GroupMembership\"}],\"Version\":\"2012-10-17\"}",
            "policy_id": "ANPAZKDIC2BGVUKCGFC76",
            "tags": {
              "AccessScope": "Hadi"
            },
            "tags_all": {
              "AccessScope": "Hadi",
              "Env": "prod",
              "Owner": "Hadi",
              "Project": "CryptoData"
            }
          },
          "sensitive_attributes": [],
          "identity_schema_version": 0,
          "identity": {
            "arn": "arn:aws:iam::640168415309:policy/crypto-stream-consumer"
          },
          "private": "eyJzY2hlbWFfdmVyc2lvbiI6IjAifQ=="
        }
      ]
    },
    {
      "mode": "managed",
      "type": "aws_iam_policy",
      "name": "msk_control_plane",
      "provider": "provider[\"registry.terraform.io/hashicorp/aws\"]",
      "instances": [
        {
          "schema_version": 0,
          "attributes": {
            "arn": "arn:aws:iam::640168415309:policy/crypto-stream-msk-control",
            "attachment_count": 1,
            "description": "",
            "id": "arn:aws:iam::640168415309:policy/crypto-stream-msk-control",
            "name": "crypto-stream-msk-control",
            "name_prefix": "",
            "path": "/",
            "policy": "{\"Statement\":[{\"Action\":[\"kafka:GetBootstrapBrokers\",\"kafka:DescribeClusterV2\",\"kafka:DescribeCluster\"],\"Effect\":\"Allow\",\"Resource\":\"arn:aws:kafka:ap-south-1:640168415309:cluster/crypto-stream/b1cdcefc-a754-4540-b36e-704619565254-s3\"}],\"Version\":\"2012-10-17\"}",
            "policy_id": "ANPAZKDIC2BG3SFP5D2O4",
            "tags": {
              "AccessScope": "Hadi"
            },
            "tags_all": {
              "AccessScope": "Hadi",
              "Env": "prod",
              "Owner": "Hadi",
              "Project": "CryptoData"
            }
          },
          "sensitive_attributes": [],
          "identity_schema_version": 0,
          "identity": {
            "arn": "arn:aws:iam::640168415309:policy/crypto-stream-msk-control"
          },
          "private": "eyJzY2hlbWFfdmVyc2lvbiI6IjAifQ=="
        }
      ]
    },
    {
      "mode": "managed",
      "type": "aws_iam_policy",
      "name": "producer",
      "provider": "provider[\"registry.terraform.io/hashicorp/aws\"]",
      "instances": [
        {
          "schema_version": 0,
          "attributes": {
            "arn": "arn:aws:iam::640168415309:policy/crypto-stream-producer",
            "attachment_count": 1,
            "description": "",
            "id": "arn:aws:iam::640168415309:policy/crypto-stream-producer",
            "name": "crypto-stream-producer",
            "name_prefix": "",
            "path": "/",
            "policy": "{\"Statement\":[{\"Action\":[\"kafka-cluster:WriteDataIdempotently\",\"kafka-cluster:Connect\"],\"Effect\":\"Allow\",\"Resource\":\"arn:aws:kafka:ap-south-1:640168415309:cluster/crypto-stream/b1cdcefc-a754-4540-b36e-704619565254-s3\",\"Sid\":\"ConnectCluster\"},{\"Action\":[\"kafka-cluster:WriteData\",\"kafka-cluster:DescribeTopic\",\"kafka-cluster:CreateTopic\"],\"Effect\":\"Allow\",\"Resource\":[\"arn:aws:kafka:ap-south-1:640168415309:topic/crypto-stream/b1cdcefc-a754-4540-b36e-704619565254-s3/trades.*\",\"arn:aws:kafka:ap-south-1:640168415309:topic/crypto-stream/b1cdcefc-a754-4540-b36e-704619565254-s3/exchg.*\"],\"Sid\":\"WriteToTopics\"}],\"Version\":\"2012-10-17\"}",
            "policy_id": "ANPAZKDIC2BGZ5NL3TDEZ",
            "tags": {
              "AccessScope": "Hadi"
            },
            "tags_all": {
              "AccessScope": "Hadi",
              "Env": "prod",
              "Owner": "Hadi",
              "Project": "CryptoData"
            }
          },
          "sensitive_attributes": [],
          "identity_schema_version": 0,
          "identity": {
            "arn": "arn:aws:iam::640168415309:policy/crypto-stream-producer"
          },
          "private": "eyJzY2hlbWFfdmVyc2lvbiI6IjAifQ=="
        }
      ]
    },
    {
      "mode": "managed",
      "type": "aws_iam_role",
      "name": "collector_role",
      "provider": "provider[\"registry.terraform.io/hashicorp/aws\"]",
      "instances": [
        {
          "schema_version": 0,
          "attributes": {
            "arn": "arn:aws:iam::640168415309:role/crypto-stream-collector",
            "assume_role_policy": "{\"Statement\":[{\"Action\":\"sts:AssumeRole\",\"Effect\":\"Allow\",\"Principal\":{\"Service\":\"ec2.amazonaws.com\"}}],\"Version\":\"2012-10-17\"}",
            "create_date": "2025-10-05T07:58:34Z",
            "description": "",
            "force_detach_policies": false,
            "id": "crypto-stream-collector",
            "inline_policy": [],
            "managed_policy_arns": [
              "arn:aws:iam::640168415309:policy/crypto-stream-msk-control",
              "arn:aws:iam::640168415309:policy/crypto-stream-producer"
            ],
            "max_session_duration": 3600,
            "name": "crypto-stream-collector",
            "name_prefix": "",
            "path": "/",
            "permissions_boundary": "arn:aws:iam::640168415309:policy/MSK-Permission-Boundary",
            "tags": {
              "AccessScope": "Hadi"
            },
            "tags_all": {
              "AccessScope": "Hadi",
              "Env": "prod",
              "Owner": "Hadi",
              "Project": "CryptoData"
            },
            "unique_id": "AROAZKDIC2BGVRKDOLA6P"
          },
          "sensitive_attributes": [],
          "identity_schema_version": 0,
          "identity": {
            "account_id": "640168415309",
            "name": "crypto-stream-collector"
          },
          "private": "eyJzY2hlbWFfdmVyc2lvbiI6IjAifQ=="
        }
      ]
    },
    {
      "mode": "managed",
      "type": "aws_iam_role_policy_attachment",
      "name": "collector_control_attach",
      "provider": "provider[\"registry.terraform.io/hashicorp/aws\"]",
      "instances": [
        {
          "schema_version": 0,
          "attributes": {
            "id": "crypto-stream-collector/arn:aws:iam::640168415309:policy/crypto-stream-msk-control",
            "policy_arn": "arn:aws:iam::640168415309:policy/crypto-stream-msk-control",
            "role": "crypto-stream-collector"
          },
          "sensitive_attributes": [],
          "identity_schema_version": 0,
          "identity": {
            "account_id": "640168415309",
            "policy_arn": "arn:aws:iam::640168415309:policy/crypto-stream-msk-control",
            "role": "crypto-stream-collector"
          },
          "private": "eyJzY2hlbWFfdmVyc2lvbiI6IjAifQ=="
        }
      ]
    },
    {
      "mode": "managed",
      "type": "aws_iam_role_policy_attachment",
      "name": "collector_producer_attach",
      "provider": "provider[\"registry.terraform.io/hashicorp/aws\"]",
      "instances": [
        {
          "schema_version": 0,
          "attributes": {
            "id": "crypto-stream-collector/arn:aws:iam::640168415309:policy/crypto-stream-producer",
            "policy_arn": "arn:aws:iam::640168415309:policy/crypto-stream-producer",
            "role": "crypto-stream-collector"
          },
          "sensitive_attributes": [],
          "identity_schema_version": 0,
          "identity": {
            "account_id": "640168415309",
            "policy_arn": "arn:aws:iam::640168415309:policy/crypto-stream-producer",
            "role": "crypto-stream-collector"
          },
          "private": "eyJzY2hlbWFfdmVyc2lvbiI6IjAifQ=="
        }
      ]
    },
    {
      "mode": "managed",
      "type": "aws_security_group",
      "name": "collector",
      "provider": "provider[\"registry.terraform.io/hashicorp/aws\"]",
      "instances": [
        {
          "schema_version": 1,
          "attributes": {
            "arn": "arn:aws:ec2:ap-south-1:640168415309:security-group/sg-0c3b93c86207a98bc",
            "description": "EC2 collectors for MSK",
            "egress": [
              {
                "cidr_blocks": [
                  "0.0.0.0/0"
                ],
                "description": "",
                "from_port": 0,
                "ipv6_cidr_blocks": [],
                "prefix_list_ids": [],
                "protocol": "-1",
                "security_groups": [],
                "self": false,
                "to_port": 0
              }
            ],
            "id": "sg-0c3b93c86207a98bc",
            "ingress": [],
            "name": "msk-ec2-collectors",
            "name_prefix": "",
            "owner_id": "640168415309",
            "region": "ap-south-1",
            "revoke_rules_on_delete": null,
            "tags": {
              "AccessScope": "Hadi"
            },
            "tags_all": {
              "AccessScope": "Hadi",
              "Env": "prod",
              "Owner": "Hadi",
              "Project": "CryptoData"
            },
            "timeouts": null,
            "vpc_id": "vpc-088763652e22bcc79"
          },
          "sensitive_attributes": [],
          "identity_schema_version": 0,
          "identity": {
            "account_id": "640168415309",
            "id": "sg-0c3b93c86207a98bc",
            "region": "ap-south-1"
          },
          "private": "eyJlMmJmYjczMC1lY2FhLTExZTYtOGY4OC0zNDM2M2JjN2M0YzAiOnsiY3JlYXRlIjo2MDAwMDAwMDAwMDAsImRlbGV0ZSI6OTAwMDAwMDAwMDAwfSwic2NoZW1hX3ZlcnNpb24iOiIxIn0="
        }
      ]
    },
    {
      "mode": "managed",
      "type": "aws_security_group",
      "name": "consumers",
      "provider": "provider[\"registry.terraform.io/hashicorp/aws\"]",
      "instances": [
        {
          "schema_version": 1,
          "attributes": {
            "arn": "arn:aws:ec2:ap-south-1:640168415309:security-group/sg-07de1fabdd09ca766",
            "description": "EC2 consumers for MSK",
            "egress": [],
            "id": "sg-07de1fabdd09ca766",
            "ingress": [],
            "name": "msk-ec2-consumers",
            "name_prefix": "",
            "owner_id": "640168415309",
            "region": "ap-south-1",
            "revoke_rules_on_delete": null,
            "tags": {
              "AccessScope": "Hadi"
            },
            "tags_all": {
              "AccessScope": "Hadi",
              "Env": "prod",
              "Owner": "Hadi",
              "Project": "CryptoData"
            },
            "timeouts": null,
            "vpc_id": "vpc-088763652e22bcc79"
          },
          "sensitive_attributes": [],
          "identity_schema_version": 0,
          "identity": {
            "account_id": "640168415309",
            "id": "sg-07de1fabdd09ca766",
            "region": "ap-south-1"
          },
          "private": "eyJlMmJmYjczMC1lY2FhLTExZTYtOGY4OC0zNDM2M2JjN2M0YzAiOnsiY3JlYXRlIjo2MDAwMDAwMDAwMDAsImRlbGV0ZSI6OTAwMDAwMDAwMDAwfSwic2NoZW1hX3ZlcnNpb24iOiIxIn0="
        }
      ]
    },
    {
      "mode": "managed",
      "type": "aws_security_group",
      "name": "msk_brokers",
      "provider": "provider[\"registry.terraform.io/hashicorp/aws\"]",
      "instances": [
        {
          "schema_version": 1,
          "attributes": {
            "arn": "arn:aws:ec2:ap-south-1:640168415309:security-group/sg-0a0cb699987e75b3e",
            "description": "MSK Serverless broker SG",
            "egress": [
              {
                "cidr_blocks": [
                  "0.0.0.0/0"
                ],
                "description": "Broker outbound",
                "from_port": 0,
                "ipv6_cidr_blocks": [],
                "prefix_list_ids": [],
                "protocol": "-1",
                "security_groups": [],
                "self": false,
                "to_port": 0
              }
            ],
            "id": "sg-0a0cb699987e75b3e",
            "ingress": [
              {
                "cidr_blocks": [],
                "description": "Collector-to-broker SASL/IAM TLS within VPC",
                "from_port": 9098,
                "ipv6_cidr_blocks": [],
                "prefix_list_ids": [],
                "protocol": "tcp",
                "security_groups": [
                  "sg-0c3b93c86207a98bc"
                ],
                "self": false,
                "to_port": 9098
              },
              {
                "cidr_blocks": [],
                "description": "Consumer-to-broker SASL/IAM TLS within VPC",
                "from_port": 9098,
                "ipv6_cidr_blocks": [],
                "prefix_list_ids": [],
                "protocol": "tcp",
                "security_groups": [
                  "sg-07de1fabdd09ca766"
                ],
                "self": false,
                "to_port": 9098
              }
            ],
            "name": "crypto-stream-msk-brokers",
            "name_prefix": "",
            "owner_id": "640168415309",
            "region": "ap-south-1",
            "revoke_rules_on_delete": null,
            "tags": {
              "AccessScope": "Hadi"
            },
            "tags_all": {
              "AccessScope": "Hadi",
              "Env": "prod",
              "Owner": "Hadi",
              "Project": "CryptoData"
            },
            "timeouts": null,
            "vpc_id": "vpc-088763652e22bcc79"
          },
          "sensitive_attributes": [],
          "identity_schema_version": 0,
          "identity": {
            "account_id": "640168415309",
            "id": "sg-0a0cb699987e75b3e",
            "region": "ap-south-1"
          },
          "private": "eyJlMmJmYjczMC1lY2FhLTExZTYtOGY4OC0zNDM2M2JjN2M0YzAiOnsiY3JlYXRlIjo2MDAwMDAwMDAwMDAsImRlbGV0ZSI6OTAwMDAwMDAwMDAwfSwic2NoZW1hX3ZlcnNpb24iOiIxIn0="
        }
      ]
    },
    {
      "mode": "managed",
      "type": "aws_vpc_security_group_egress_rule",
      "name": "msk_all_egress",
      "provider": "provider[\"registry.terraform.io/hashicorp/aws\"]",
      "instances": [
        {
          "schema_version": 0,
          "attributes": {
            "arn": "arn:aws:ec2:ap-south-1:640168415309:security-group-rule/sgr-0d0d5654338ab56ff",
            "cidr_ipv4": "0.0.0.0/0",
            "cidr_ipv6": null,
            "description": "Broker outbound",
            "from_port": null,
            "id": "sgr-0d0d5654338ab56ff",
            "ip_protocol": "-1",
            "prefix_list_id": null,
            "referenced_security_group_id": null,
            "region": "ap-south-1",
            "security_group_id": "sg-0a0cb699987e75b3e",
            "security_group_rule_id": "sgr-0d0d5654338ab56ff",
            "tags": null,
            "tags_all": {
              "Env": "prod",
              "Owner": "Hadi",
              "Project": "CryptoData"
            },
            "to_port": null
          },
          "sensitive_attributes": [],
          "identity_schema_version": 0,
          "identity": {
            "account_id": "640168415309",
            "id": "sgr-0d0d5654338ab56ff",
            "region": "ap-south-1"
          }
        }
      ]
    },
    {
      "mode": "managed",
      "type": "aws_vpc_security_group_ingress_rule",
      "name": "msk_iam_9098_from_collector",
      "provider": "provider[\"registry.terraform.io/hashicorp/aws\"]",
      "instances": [
        {
          "schema_version": 0,
          "attributes": {
            "arn": "arn:aws:ec2:ap-south-1:640168415309:security-group-rule/sgr-028944da09da2d221",
            "cidr_ipv4": null,
            "cidr_ipv6": null,
            "description": "Collector-to-broker SASL/IAM TLS within VPC",
            "from_port": 9098,
            "id": "sgr-028944da09da2d221",
            "ip_protocol": "tcp",
            "prefix_list_id": null,
            "referenced_security_group_id": "sg-0c3b93c86207a98bc",
            "region": "ap-south-1",
            "security_group_id": "sg-0a0cb699987e75b3e",
            "security_group_rule_id": "sgr-028944da09da2d221",
            "tags": null,
            "tags_all": {
              "Env": "prod",
              "Owner": "Hadi",
              "Project": "CryptoData"
            },
            "to_port": 9098
          },
          "sensitive_attributes": [],
          "identity_schema_version": 0,
          "identity": {
            "account_id": "640168415309",
            "id": "sgr-028944da09da2d221",
            "region": "ap-south-1"
          }
        }
      ]
    },
    {
      "mode": "managed",
      "type": "aws_vpc_security_group_ingress_rule",
      "name": "msk_iam_9098_from_consumers",
      "provider": "provider[\"registry.terraform.io/hashicorp/aws\"]",
      "instances": [
        {
          "schema_version": 0,
          "attributes": {
            "arn": "arn:aws:ec2:ap-south-1:640168415309:security-group-rule/sgr-022b14b28ad8cc1b4",
            "cidr_ipv4": null,
            "cidr_ipv6": null,
            "description": "Consumer-to-broker SASL/IAM TLS within VPC",
            "from_port": 9098,
            "id": "sgr-022b14b28ad8cc1b4",
            "ip_protocol": "tcp",
            "prefix_list_id": null,
            "referenced_security_group_id": "sg-07de1fabdd09ca766",
            "region": "ap-south-1",
            "security_group_id": "sg-0a0cb699987e75b3e",
            "security_group_rule_id": "sgr-022b14b28ad8cc1b4",
            "tags": null,
            "tags_all": {
              "Env": "prod",
              "Owner": "Hadi",
              "Project": "CryptoData"
            },
            "to_port": 9098
          },
          "sensitive_attributes": [],
          "identity_schema_version": 0,
          "identity": {
            "account_id": "640168415309",
            "id": "sgr-022b14b28ad8cc1b4",
            "region": "ap-south-1"
          }
        }
      ]
    }
  ],
  "check_results": null
}
